// !$*UTF8*$!
{
	archiveVersion = 1;
	classes = {
	};
	objectVersion = 55;
	objects = {

/* Begin PBXBuildFile section */
		04A3C13728426E6F00953280 /* AppDelegate.swift in Sources */ = {isa = PBXBuildFile; fileRef = 04A3C13628426E6F00953280 /* AppDelegate.swift */; };
		04A3C13928426E6F00953280 /* SceneDelegate.swift in Sources */ = {isa = PBXBuildFile; fileRef = 04A3C13828426E6F00953280 /* SceneDelegate.swift */; };
		04A3C13B28426E6F00953280 /* ViewController.swift in Sources */ = {isa = PBXBuildFile; fileRef = 04A3C13A28426E6F00953280 /* ViewController.swift */; };
		04A3C13E28426E6F00953280 /* Main.storyboard in Resources */ = {isa = PBXBuildFile; fileRef = 04A3C13C28426E6F00953280 /* Main.storyboard */; };
		04A3C14028426E7100953280 /* Assets.xcassets in Resources */ = {isa = PBXBuildFile; fileRef = 04A3C13F28426E7100953280 /* Assets.xcassets */; };
		04A3C14328426E7100953280 /* LaunchScreen.storyboard in Resources */ = {isa = PBXBuildFile; fileRef = 04A3C14128426E7100953280 /* LaunchScreen.storyboard */; };
		40AF5AB12757BAE8C28E2F49 /* Pods_Face_Touch_ID_Example.framework in Frameworks */ = {isa = PBXBuildFile; fileRef = A4CD4289EC1D6F8749545E71 /* Pods_Face_Touch_ID_Example.framework */; };
/* End PBXBuildFile section */

/* Begin PBXFileReference section */
		04A3C13328426E6F00953280 /* Face-Touch-ID-Example.app */ = {isa = PBXFileReference; explicitFileType = wrapper.application; includeInIndex = 0; path = "Face-Touch-ID-Example.app"; sourceTree = BUILT_PRODUCTS_DIR; };
		04A3C13628426E6F00953280 /* AppDelegate.swift */ = {isa = PBXFileReference; lastKnownFileType = sourcecode.swift; path = AppDelegate.swift; sourceTree = "<group>"; };
		04A3C13828426E6F00953280 /* SceneDelegate.swift */ = {isa = PBXFileReference; lastKnownFileType = sourcecode.swift; path = SceneDelegate.swift; sourceTree = "<group>"; };
		04A3C13A28426E6F00953280 /* ViewController.swift */ = {isa = PBXFileReference; lastKnownFileType = sourcecode.swift; path = ViewController.swift; sourceTree = "<group>"; };
		04A3C13D28426E6F00953280 /* Base */ = {isa = PBXFileReference; lastKnownFileType = file.storyboard; name = Base; path = Base.lproj/Main.storyboard; sourceTree = "<group>"; };
		04A3C13F28426E7100953280 /* Assets.xcassets */ = {isa = PBXFileReference; lastKnownFileType = folder.assetcatalog; path = Assets.xcassets; sourceTree = "<group>"; };
		04A3C14228426E7100953280 /* Base */ = {isa = PBXFileReference; lastKnownFileType = file.storyboard; name = Base; path = Base.lproj/LaunchScreen.storyboard; sourceTree = "<group>"; };
		04A3C14428426E7100953280 /* Info.plist */ = {isa = PBXFileReference; lastKnownFileType = text.plist.xml; path = Info.plist; sourceTree = "<group>"; };
		60045DEA346FC6A3DE82621F /* Pods-Face-Touch-ID-Example.release.xcconfig */ = {isa = PBXFileReference; includeInIndex = 1; lastKnownFileType = text.xcconfig; name = "Pods-Face-Touch-ID-Example.release.xcconfig"; path = "Target Support Files/Pods-Face-Touch-ID-Example/Pods-Face-Touch-ID-Example.release.xcconfig"; sourceTree = "<group>"; };
		62C2224E2FF5E2BD805582E0 /* Pods-Face-Touch-ID-Example.debug.xcconfig */ = {isa = PBXFileReference; includeInIndex = 1; lastKnownFileType = text.xcconfig; name = "Pods-Face-Touch-ID-Example.debug.xcconfig"; path = "Target Support Files/Pods-Face-Touch-ID-Example/Pods-Face-Touch-ID-Example.debug.xcconfig"; sourceTree = "<group>"; };
		A4CD4289EC1D6F8749545E71 /* Pods_Face_Touch_ID_Example.framework */ = {isa = PBXFileReference; explicitFileType = wrapper.framework; includeInIndex = 0; path = Pods_Face_Touch_ID_Example.framework; sourceTree = BUILT_PRODUCTS_DIR; };
/* End PBXFileReference section */

/* Begin PBXFrameworksBuildPhase section */
		04A3C13028426E6F00953280 /* Frameworks */ = {
			isa = PBXFrameworksBuildPhase;
			buildActionMask = 2147483647;
			files = (
				40AF5AB12757BAE8C28E2F49 /* Pods_Face_Touch_ID_Example.framework in Frameworks */,
			);
			runOnlyForDeploymentPostprocessing = 0;
		};
/* End PBXFrameworksBuildPhase section */

/* Begin PBXGroup section */
		04A3C12A28426E6F00953280 = {
			isa = PBXGroup;
			children = (
				04A3C13528426E6F00953280 /* Face-Touch-ID-Example */,
				04A3C13428426E6F00953280 /* Products */,
				2BD3E8D4CAD5F1F191EFEDAE /* Pods */,
				EB74CF889816860742DE81D5 /* Frameworks */,
			);
			sourceTree = "<group>";
		};
		04A3C13428426E6F00953280 /* Products */ = {
			isa = PBXGroup;
			children = (
				04A3C13328426E6F00953280 /* Face-Touch-ID-Example.app */,
			);
			name = Products;
			sourceTree = "<group>";
		};
		04A3C13528426E6F00953280 /* Face-Touch-ID-Example */ = {
			isa = PBXGroup;
			children = (
				04A3C13628426E6F00953280 /* AppDelegate.swift */,
				04A3C13828426E6F00953280 /* SceneDelegate.swift */,
				04A3C13A28426E6F00953280 /* ViewController.swift */,
				04A3C13C28426E6F00953280 /* Main.storyboard */,
				04A3C13F28426E7100953280 /* Assets.xcassets */,
				04A3C14128426E7100953280 /* LaunchScreen.storyboard */,
				04A3C14428426E7100953280 /* Info.plist */,
			);
			path = "Face-Touch-ID-Example";
			sourceTree = "<group>";
		};
		2BD3E8D4CAD5F1F191EFEDAE /* Pods */ = {
			isa = PBXGroup;
			children = (
				62C2224E2FF5E2BD805582E0 /* Pods-Face-Touch-ID-Example.debug.xcconfig */,
				60045DEA346FC6A3DE82621F /* Pods-Face-Touch-ID-Example.release.xcconfig */,
			);
			name = Pods;
			path = Pods;
			sourceTree = "<group>";
		};
		EB74CF889816860742DE81D5 /* Frameworks */ = {
			isa = PBXGroup;
			children = (
				A4CD4289EC1D6F8749545E71 /* Pods_Face_Touch_ID_Example.framework */,
			);
			name = Frameworks;
			sourceTree = "<group>";
		};
/* End PBXGroup section */

/* Begin PBXNativeTarget section */
		04A3C13228426E6F00953280 /* Face-Touch-ID-Example */ = {
			isa = PBXNativeTarget;
			buildConfigurationList = 04A3C14728426E7100953280 /* Build configuration list for PBXNativeTarget "Face-Touch-ID-Example" */;
			buildPhases = (
				048E0AC58F5F8171A91F871F /* [CP] Check Pods Manifest.lock */,
				04A3C12F28426E6F00953280 /* Sources */,
				04A3C13028426E6F00953280 /* Frameworks */,
				04A3C13128426E6F00953280 /* Resources */,
			);
			buildRules = (
			);
			dependencies = (
			);
			name = "Face-Touch-ID-Example";
			productName = "Face-Touch-ID-Example";
			productReference = 04A3C13328426E6F00953280 /* Face-Touch-ID-Example.app */;
			productType = "com.apple.product-type.application";
		};
/* End PBXNativeTarget section */

/* Begin PBXProject section */
		04A3C12B28426E6F00953280 /* Project object */ = {
			isa = PBXProject;
			attributes = {
				BuildIndependentTargetsInParallel = 1;
				LastSwiftUpdateCheck = 1320;
				LastUpgradeCheck = 1320;
				TargetAttributes = {
					04A3C13228426E6F00953280 = {
						CreatedOnToolsVersion = 13.2.1;
					};
				};
			};
			buildConfigurationList = 04A3C12E28426E6F00953280 /* Build configuration list for PBXProject "Face-Touch-ID-Example" */;
			compatibilityVersion = "Xcode 13.0";
			developmentRegion = en;
			hasScannedForEncodings = 0;
			knownRegions = (
				en,
				Base,
			);
			mainGroup = 04A3C12A28426E6F00953280;
			productRefGroup = 04A3C13428426E6F00953280 /* Products */;
			projectDirPath = "";
			projectRoot = "";
			targets = (
				04A3C13228426E6F00953280 /* Face-Touch-ID-Example */,
			);
		};
/* End PBXProject section */

/* Begin PBXResourcesBuildPhase section */
		04A3C13128426E6F00953280 /* Resources */ = {
			isa = PBXResourcesBuildPhase;
			buildActionMask = 2147483647;
			files = (
				04A3C14328426E7100953280 /* LaunchScreen.storyboard in Resources */,
				04A3C14028426E7100953280 /* Assets.xcassets in Resources */,
				04A3C13E28426E6F00953280 /* Main.storyboard in Resources */,
			);
			runOnlyForDeploymentPostprocessing = 0;
		};
/* End PBXResourcesBuildPhase section */

/* Begin PBXShellScriptBuildPhase section */
		048E0AC58F5F8171A91F871F /* [CP] Check Pods Manifest.lock */ = {
			isa = PBXShellScriptBuildPhase;
			buildActionMask = 2147483647;
			files = (
			);
			inputFileListPaths = (
			);
			inputPaths = (
				"${PODS_PODFILE_DIR_PATH}/Podfile.lock",
				"${PODS_ROOT}/Manifest.lock",
			);
			name = "[CP] Check Pods Manifest.lock";
			outputFileListPaths = (
			);
			outputPaths = (
				"$(DERIVED_FILE_DIR)/Pods-Face-Touch-ID-Example-checkManifestLockResult.txt",
			);
			runOnlyForDeploymentPostprocessing = 0;
			shellPath = /bin/sh;
			shellScript = "diff \"${PODS_PODFILE_DIR_PATH}/Podfile.lock\" \"${PODS_ROOT}/Manifest.lock\" > /dev/null\nif [ $? != 0 ] ; then\n    # print error to STDERR\n    echo \"error: The sandbox is not in sync with the Podfile.lock. Run 'pod install' or update your CocoaPods installation.\" >&2\n    exit 1\nfi\n# This output is used by Xcode 'outputs' to avoid re-running this script phase.\necho \"SUCCESS\" > \"${SCRIPT_OUTPUT_FILE_0}\"\n";
			showEnvVarsInLog = 0;
		};
/* End PBXShellScriptBuildPhase section */

/* Begin PBXSourcesBuildPhase section */
		04A3C12F28426E6F00953280 /* Sources */ = {
			isa = PBXSourcesBuildPhase;
			buildActionMask = 2147483647;
			files = (
				04A3C13B28426E6F00953280 /* ViewController.swift in Sources */,
				04A3C13728426E6F00953280 /* AppDelegate.swift in Sources */,
				04A3C13928426E6F00953280 /* SceneDelegate.swift in Sources */,
			);
			runOnlyForDeploymentPostprocessing = 0;
		};
/* End PBXSourcesBuildPhase section */

/* Begin PBXVariantGroup section */
		04A3C13C28426E6F00953280 /* Main.storyboard */ = {
			isa = PBXVariantGroup;
			children = (
				04A3C13D28426E6F00953280 /* Base */,
			);
			name = Main.storyboard;
			sourceTree = "<group>";
		};
		04A3C14128426E7100953280 /* LaunchScreen.storyboard */ = {
			isa = PBXVariantGroup;
			children = (
				04A3C14228426E7100953280 /* Base */,
			);
			name = LaunchScreen.storyboard;
			sourceTree = "<group>";
		};
/* End PBXVariantGroup section */

/* Begin XCBuildConfiguration section */
		04A3C14528426E7100953280 /* Debug */ = {
			isa = XCBuildConfiguration;
			buildSettings = {
				ALWAYS_SEARCH_USER_PATHS = NO;
				CLANG_ANALYZER_NONNULL = YES;
				CLANG_ANALYZER_NUMBER_OBJECT_CONVERSION = YES_AGGRESSIVE;
				CLANG_CXX_LANGUAGE_STANDARD = "gnu++17";
				CLANG_CXX_LIBRARY = "libc++";
				CLANG_ENABLE_MODULES = YES;
				CLANG_ENABLE_OBJC_ARC = YES;
				CLANG_ENABLE_OBJC_WEAK = YES;
				CLANG_WARN_BLOCK_CAPTURE_AUTORELEASING = YES;
				CLANG_WARN_BOOL_CONVERSION = YES;
				CLANG_WARN_COMMA = YES;
				CLANG_WARN_CONSTANT_CONVERSION = YES;
				CLANG_WARN_DEPRECATED_OBJC_IMPLEMENTATIONS = YES;
				CLANG_WARN_DIRECT_OBJC_ISA_USAGE = YES_ERROR;
				CLANG_WARN_DOCUMENTATION_COMMENTS = YES;
				CLANG_WARN_EMPTY_BODY = YES;
				CLANG_WARN_ENUM_CONVERSION = YES;
				CLANG_WARN_INFINITE_RECURSION = YES;
				CLANG_WARN_INT_CONVERSION = YES;
				CLANG_WARN_NON_LITERAL_NULL_CONVERSION = YES;
				CLANG_WARN_OBJC_IMPLICIT_RETAIN_SELF = YES;
				CLANG_WARN_OBJC_LITERAL_CONVERSION = YES;
				CLANG_WARN_OBJC_ROOT_CLASS = YES_ERROR;
				CLANG_WARN_QUOTED_INCLUDE_IN_FRAMEWORK_HEADER = YES;
				CLANG_WARN_RANGE_LOOP_ANALYSIS = YES;
				CLANG_WARN_STRICT_PROTOTYPES = YES;
				CLANG_WARN_SUSPICIOUS_MOVE = YES;
				CLANG_WARN_UNGUARDED_AVAILABILITY = YES_AGGRESSIVE;
				CLANG_WARN_UNREACHABLE_CODE = YES;
				CLANG_WARN__DUPLICATE_METHOD_MATCH = YES;
				COPY_PHASE_STRIP = NO;
				DEBUG_INFORMATION_FORMAT = dwarf;
				ENABLE_STRICT_OBJC_MSGSEND = YES;
				ENABLE_TESTABILITY = YES;
				GCC_C_LANGUAGE_STANDARD = gnu11;
				GCC_DYNAMIC_NO_PIC = NO;
				GCC_NO_COMMON_BLOCKS = YES;
				GCC_OPTIMIZATION_LEVEL = 0;
				GCC_PREPROCESSOR_DEFINITIONS = (
					"DEBUG=1",
					"$(inherited)",
				);
				GCC_WARN_64_TO_32_BIT_CONVERSION = YES;
				GCC_WARN_ABOUT_RETURN_TYPE = YES_ERROR;
				GCC_WARN_UNDECLARED_SELECTOR = YES;
				GCC_WARN_UNINITIALIZED_AUTOS = YES_AGGRESSIVE;
				GCC_WARN_UNUSED_FUNCTION = YES;
				GCC_WARN_UNUSED_VARIABLE = YES;
				IPHONEOS_DEPLOYMENT_TARGET = 15.2;
				MTL_ENABLE_DEBUG_INFO = INCLUDE_SOURCE;
				MTL_FAST_MATH = YES;
				ONLY_ACTIVE_ARCH = YES;
				SDKROOT = iphoneos;
				SWIFT_ACTIVE_COMPILATION_CONDITIONS = DEBUG;
				SWIFT_OPTIMIZATION_LEVEL = "-Onone";
			};
			name = Debug;
		};
		04A3C14628426E7100953280 /* Release */ = {
			isa = XCBuildConfiguration;
			buildSettings = {
				ALWAYS_SEARCH_USER_PATHS = NO;
				CLANG_ANALYZER_NONNULL = YES;
				CLANG_ANALYZER_NUMBER_OBJECT_CONVERSION = YES_AGGRESSIVE;
				CLANG_CXX_LANGUAGE_STANDARD = "gnu++17";
				CLANG_CXX_LIBRARY = "libc++";
				CLANG_ENABLE_MODULES = YES;
				CLANG_ENABLE_OBJC_ARC = YES;
				CLANG_ENABLE_OBJC_WEAK = YES;
				CLANG_WARN_BLOCK_CAPTURE_AUTORELEASING = YES;
				CLANG_WARN_BOOL_CONVERSION = YES;
				CLANG_WARN_COMMA = YES;
				CLANG_WARN_CONSTANT_CONVERSION = YES;
				CLANG_WARN_DEPRECATED_OBJC_IMPLEMENTATIONS = YES;
				CLANG_WARN_DIRECT_OBJC_ISA_USAGE = YES_ERROR;
				CLANG_WARN_DOCUMENTATION_COMMENTS = YES;
				CLANG_WARN_EMPTY_BODY = YES;
				CLANG_WARN_ENUM_CONVERSION = YES;
				CLANG_WARN_INFINITE_RECURSION = YES;
				CLANG_WARN_INT_CONVERSION = YES;
				CLANG_WARN_NON_LITERAL_NULL_CONVERSION = YES;
				CLANG_WARN_OBJC_IMPLICIT_RETAIN_SELF = YES;
				CLANG_WARN_OBJC_LITERAL_CONVERSION = YES;
				CLANG_WARN_OBJC_ROOT_CLASS = YES_ERROR;
				CLANG_WARN_QUOTED_INCLUDE_IN_FRAMEWORK_HEADER = YES;
				CLANG_WARN_RANGE_LOOP_ANALYSIS = YES;
				CLANG_WARN_STRICT_PROTOTYPES = YES;
				CLANG_WARN_SUSPICIOUS_MOVE = YES;
				CLANG_WARN_UNGUARDED_AVAILABILITY = YES_AGGRESSIVE;
				CLANG_WARN_UNREACHABLE_CODE = YES;
				CLANG_WARN__DUPLICATE_METHOD_MATCH = YES;
				COPY_PHASE_STRIP = NO;
				DEBUG_INFORMATION_FORMAT = "dwarf-with-dsym";
				ENABLE_NS_ASSERTIONS = NO;
				ENABLE_STRICT_OBJC_MSGSEND = YES;
				GCC_C_LANGUAGE_STANDARD = gnu11;
				GCC_NO_COMMON_BLOCKS = YES;
				GCC_WARN_64_TO_32_BIT_CONVERSION = YES;
				GCC_WARN_ABOUT_RETURN_TYPE = YES_ERROR;
				GCC_WARN_UNDECLARED_SELECTOR = YES;
				GCC_WARN_UNINITIALIZED_AUTOS = YES_AGGRESSIVE;
				GCC_WARN_UNUSED_FUNCTION = YES;
				GCC_WARN_UNUSED_VARIABLE = YES;
				IPHONEOS_DEPLOYMENT_TARGET = 15.2;
				MTL_ENABLE_DEBUG_INFO = NO;
				MTL_FAST_MATH = YES;
				SDKROOT = iphoneos;
				SWIFT_COMPILATION_MODE = wholemodule;
				SWIFT_OPTIMIZATION_LEVEL = "-O";
				VALIDATE_PRODUCT = YES;
			};
			name = Release;
		};
		04A3C14828426E7100953280 /* Debug */ = {
			isa = XCBuildConfiguration;
			baseConfigurationReference = 62C2224E2FF5E2BD805582E0 /* Pods-Face-Touch-ID-Example.debug.xcconfig */;
			buildSettings = {
				ASSETCATALOG_COMPILER_APPICON_NAME = AppIcon;
				ASSETCATALOG_COMPILER_GLOBAL_ACCENT_COLOR_NAME = AccentColor;
				CODE_SIGN_STYLE = Automatic;
				CURRENT_PROJECT_VERSION = 1;
				GENERATE_INFOPLIST_FILE = YES;
				INFOPLIST_FILE = "Face-Touch-ID-Example/Info.plist";
				INFOPLIST_KEY_UIApplicationSupportsIndirectInputEvents = YES;
				INFOPLIST_KEY_UILaunchStoryboardName = LaunchScreen;
				INFOPLIST_KEY_UIMainStoryboardFile = Main;
				INFOPLIST_KEY_UISupportedInterfaceOrientations_iPad = "UIInterfaceOrientationPortrait UIInterfaceOrientationPortraitUpsideDown UIInterfaceOrientationLandscapeLeft UIInterfaceOrientationLandscapeRight";
				INFOPLIST_KEY_UISupportedInterfaceOrientations_iPhone = "UIInterfaceOrientationPortrait UIInterfaceOrientationLandscapeLeft UIInterfaceOrientationLandscapeRight";
				LD_RUNPATH_SEARCH_PATHS = (
					"$(inherited)",
					"@executable_path/Frameworks",
				);
				MARKETING_VERSION = 1.0;
				PRODUCT_BUNDLE_IDENTIFIER = "com.kobepham.Face-Touch-ID-Example";
				PRODUCT_NAME = "$(TARGET_NAME)";
				SWIFT_EMIT_LOC_STRINGS = YES;
				SWIFT_VERSION = 5.0;
				TARGETED_DEVICE_FAMILY = "1,2";
			};
			name = Debug;
		};
		04A3C14928426E7100953280 /* Release */ = {
			isa = XCBuildConfiguration;
			baseConfigurationReference = 60045DEA346FC6A3DE82621F /* Pods-Face-Touch-ID-Example.release.xcconfig */;
			buildSettings = {
				ASSETCATALOG_COMPILER_APPICON_NAME = AppIcon;
				ASSETCATALOG_COMPILER_GLOBAL_ACCENT_COLOR_NAME = AccentColor;
				CODE_SIGN_STYLE = Automatic;
				CURRENT_PROJECT_VERSION = 1;
				GENERATE_INFOPLIST_FILE = YES;
				INFOPLIST_FILE = "Face-Touch-ID-Example/Info.plist";
				INFOPLIST_KEY_UIApplicationSupportsIndirectInputEvents = YES;
				INFOPLIST_KEY_UILaunchStoryboardName = LaunchScreen;
				INFOPLIST_KEY_UIMainStoryboardFile = Main;
				INFOPLIST_KEY_UISupportedInterfaceOrientations_iPad = "UIInterfaceOrientationPortrait UIInterfaceOrientationPortraitUpsideDown UIInterfaceOrientationLandscapeLeft UIInterfaceOrientationLandscapeRight";
				INFOPLIST_KEY_UISupportedInterfaceOrientations_iPhone = "UIInterfaceOrientationPortrait UIInterfaceOrientationLandscapeLeft UIInterfaceOrientationLandscapeRight";
				LD_RUNPATH_SEARCH_PATHS = (
					"$(inherited)",
					"@executable_path/Frameworks",
				);
				MARKETING_VERSION = 1.0;
				PRODUCT_BUNDLE_IDENTIFIER = "com.kobepham.Face-Touch-ID-Example";
				PRODUCT_NAME = "$(TARGET_NAME)";
				SWIFT_EMIT_LOC_STRINGS = YES;
				SWIFT_VERSION = 5.0;
				TARGETED_DEVICE_FAMILY = "1,2";
			};
			name = Release;
		};
/* End XCBuildConfiguration section */

/* Begin XCConfigurationList section */
		04A3C12E28426E6F00953280 /* Build configuration list for PBXProject "Face-Touch-ID-Example" */ = {
			isa = XCConfigurationList;
			buildConfigurations = (
				04A3C14528426E7100953280 /* Debug */,
				04A3C14628426E7100953280 /* Release */,
			);
			defaultConfigurationIsVisible = 0;
			defaultConfigurationName = Release;
		};
		04A3C14728426E7100953280 /* Build configuration list for PBXNativeTarget "Face-Touch-ID-Example" */ = {
			isa = XCConfigurationList;
			buildConfigurations = (
				04A3C14828426E7100953280 /* Debug */,
				04A3C14928426E7100953280 /* Release */,
			);
			defaultConfigurationIsVisible = 0;
			defaultConfigurationName = Release;
		};
/* End XCConfigurationList section */
	};
	rootObject = 04A3C12B28426E6F00953280 /* Project object */;
}
